// !$*UTF8*$!
{
	archiveVersion = 1;
	classes = {
	};
	objectVersion = 56;
	objects = {

/* Begin PBXBuildFile section */
		0804C6F82B0CE863003F10AC /* FavoriteRecipeDetailView.swift in Sources */ = {isa = PBXBuildFile; fileRef = 0804C6F72B0CE863003F10AC /* FavoriteRecipeDetailView.swift */; };
		0805C2EB2AFA404000F46298 /* RecipleaseApp.swift in Sources */ = {isa = PBXBuildFile; fileRef = 0805C2EA2AFA404000F46298 /* RecipleaseApp.swift */; };
		0805C2ED2AFA404000F46298 /* ContentView.swift in Sources */ = {isa = PBXBuildFile; fileRef = 0805C2EC2AFA404000F46298 /* ContentView.swift */; };
		0805C2F12AFA404100F46298 /* Assets.xcassets in Resources */ = {isa = PBXBuildFile; fileRef = 0805C2F02AFA404100F46298 /* Assets.xcassets */; };
		0805C2F42AFA404100F46298 /* Preview Assets.xcassets in Resources */ = {isa = PBXBuildFile; fileRef = 0805C2F32AFA404100F46298 /* Preview Assets.xcassets */; };
		0805C3172AFA45C000F46298 /* SearchView.swift in Sources */ = {isa = PBXBuildFile; fileRef = 0805C3162AFA45C000F46298 /* SearchView.swift */; };
		0805C31D2AFA46B600F46298 /* RecipeNavigationLinkView.swift in Sources */ = {isa = PBXBuildFile; fileRef = 0805C31C2AFA46B600F46298 /* RecipeNavigationLinkView.swift */; };
		0805C31F2AFA480C00F46298 /* RecipeDetailsView.swift in Sources */ = {isa = PBXBuildFile; fileRef = 0805C31E2AFA480C00F46298 /* RecipeDetailsView.swift */; };
		0805C3232AFA4DD500F46298 /* ApiResponse.swift in Sources */ = {isa = PBXBuildFile; fileRef = 0805C3222AFA4DD500F46298 /* ApiResponse.swift */; };
		0805C32A2AFA547600F46298 /* IngredientsContainerView.swift in Sources */ = {isa = PBXBuildFile; fileRef = 0805C3292AFA547600F46298 /* IngredientsContainerView.swift */; };
		0805C32C2AFA6EBD00F46298 /* Extensions.swift in Sources */ = {isa = PBXBuildFile; fileRef = 0805C32B2AFA6EBD00F46298 /* Extensions.swift */; };
		0805C32E2AFA84D000F46298 /* RecipesView.swift in Sources */ = {isa = PBXBuildFile; fileRef = 0805C32D2AFA84D000F46298 /* RecipesView.swift */; };
		0805C3302AFA893700F46298 /* config.plist in Resources */ = {isa = PBXBuildFile; fileRef = 0805C32F2AFA893700F46298 /* config.plist */; };
		08C0205C2AFBCD6700523766 /* FavoriteRecipesView.swift in Sources */ = {isa = PBXBuildFile; fileRef = 08C0205B2AFBCD6700523766 /* FavoriteRecipesView.swift */; };
		08F0E0A42AFE460D00AD113C /* Recipe.swift in Sources */ = {isa = PBXBuildFile; fileRef = 08F0E0A32AFE460D00AD113C /* Recipe.swift */; };
		08F0E0A62AFE4E0A00AD113C /* ViewModel.swift in Sources */ = {isa = PBXBuildFile; fileRef = 08F0E0A52AFE4E0A00AD113C /* ViewModel.swift */; };
		F43D592D2B4BFCBD00734DED /* RecipleaseTests.swift in Sources */ = {isa = PBXBuildFile; fileRef = F43D592C2B4BFCBD00734DED /* RecipleaseTests.swift */; };
		F4629B612B20C63600ADA62B /* Alamofire in Frameworks */ = {isa = PBXBuildFile; productRef = F4629B602B20C63600ADA62B /* Alamofire */; };
		F4C757CB2B3485D800E229B9 /* Algorithms in Frameworks */ = {isa = PBXBuildFile; productRef = F4C757CA2B3485D800E229B9 /* Algorithms */; };
/* End PBXBuildFile section */

/* Begin PBXContainerItemProxy section */
		F43D592E2B4BFCBD00734DED /* PBXContainerItemProxy */ = {
			isa = PBXContainerItemProxy;
			containerPortal = 0805C2DF2AFA404000F46298 /* Project object */;
			proxyType = 1;
			remoteGlobalIDString = 0805C2E62AFA404000F46298;
			remoteInfo = Reciplease;
		};
/* End PBXContainerItemProxy section */

/* Begin PBXFileReference section */
		0804C6F72B0CE863003F10AC /* FavoriteRecipeDetailView.swift */ = {isa = PBXFileReference; lastKnownFileType = sourcecode.swift; path = FavoriteRecipeDetailView.swift; sourceTree = "<group>"; };
		0805C2EA2AFA404000F46298 /* RecipleaseApp.swift */ = {isa = PBXFileReference; lastKnownFileType = sourcecode.swift; path = RecipleaseApp.swift; sourceTree = "<group>"; };
		0805C2EC2AFA404000F46298 /* ContentView.swift */ = {isa = PBXFileReference; lastKnownFileType = sourcecode.swift; path = ContentView.swift; sourceTree = "<group>"; };
		0805C2F02AFA404100F46298 /* Assets.xcassets */ = {isa = PBXFileReference; lastKnownFileType = folder.assetcatalog; path = Assets.xcassets; sourceTree = "<group>"; };
		0805C2F32AFA404100F46298 /* Preview Assets.xcassets */ = {isa = PBXFileReference; lastKnownFileType = folder.assetcatalog; path = "Preview Assets.xcassets"; sourceTree = "<group>"; };
		0805C3162AFA45C000F46298 /* SearchView.swift */ = {isa = PBXFileReference; lastKnownFileType = sourcecode.swift; path = SearchView.swift; sourceTree = "<group>"; };
		0805C31C2AFA46B600F46298 /* RecipeNavigationLinkView.swift */ = {isa = PBXFileReference; lastKnownFileType = sourcecode.swift; path = RecipeNavigationLinkView.swift; sourceTree = "<group>"; };
		0805C31E2AFA480C00F46298 /* RecipeDetailsView.swift */ = {isa = PBXFileReference; lastKnownFileType = sourcecode.swift; path = RecipeDetailsView.swift; sourceTree = "<group>"; };
		0805C3222AFA4DD500F46298 /* ApiResponse.swift */ = {isa = PBXFileReference; lastKnownFileType = sourcecode.swift; path = ApiResponse.swift; sourceTree = "<group>"; };
		0805C3292AFA547600F46298 /* IngredientsContainerView.swift */ = {isa = PBXFileReference; lastKnownFileType = sourcecode.swift; path = IngredientsContainerView.swift; sourceTree = "<group>"; };
		0805C32B2AFA6EBD00F46298 /* Extensions.swift */ = {isa = PBXFileReference; lastKnownFileType = sourcecode.swift; path = Extensions.swift; sourceTree = "<group>"; };
		0805C32D2AFA84D000F46298 /* RecipesView.swift */ = {isa = PBXFileReference; lastKnownFileType = sourcecode.swift; path = RecipesView.swift; sourceTree = "<group>"; };
		0805C32F2AFA893700F46298 /* config.plist */ = {isa = PBXFileReference; lastKnownFileType = text.plist.xml; path = config.plist; sourceTree = "<group>"; };
		08C0205B2AFBCD6700523766 /* FavoriteRecipesView.swift */ = {isa = PBXFileReference; lastKnownFileType = sourcecode.swift; path = FavoriteRecipesView.swift; sourceTree = "<group>"; };
		08F0E0A32AFE460D00AD113C /* Recipe.swift */ = {isa = PBXFileReference; lastKnownFileType = sourcecode.swift; path = Recipe.swift; sourceTree = "<group>"; };
		08F0E0A52AFE4E0A00AD113C /* ViewModel.swift */ = {isa = PBXFileReference; lastKnownFileType = sourcecode.swift; path = ViewModel.swift; sourceTree = "<group>"; };
		F43D592C2B4BFCBD00734DED /* RecipleaseTests.swift */ = {isa = PBXFileReference; lastKnownFileType = sourcecode.swift; path = RecipleaseTests.swift; sourceTree = "<group>"; };
		F43D59382B4C1D9300734DED /* Reciplease.app */ = {isa = PBXFileReference; explicitFileType = wrapper.application; includeInIndex = 0; path = Reciplease.app; sourceTree = BUILT_PRODUCTS_DIR; };
		F43D593B2B4C3A7700734DED /* RecipleaseTests.xctest */ = {isa = PBXFileReference; explicitFileType = wrapper.cfbundle; includeInIndex = 0; path = RecipleaseTests.xctest; sourceTree = BUILT_PRODUCTS_DIR; };
/* End PBXFileReference section */

/* Begin PBXFrameworksBuildPhase section */
		0805C2E42AFA404000F46298 /* Frameworks */ = {
			isa = PBXFrameworksBuildPhase;
			buildActionMask = 2147483647;
			files = (
				F4C757CB2B3485D800E229B9 /* Algorithms in Frameworks */,
				F4629B612B20C63600ADA62B /* Alamofire in Frameworks */,
			);
			runOnlyForDeploymentPostprocessing = 0;
		};
		F43D59272B4BFCBD00734DED /* Frameworks */ = {
			isa = PBXFrameworksBuildPhase;
			buildActionMask = 2147483647;
			files = (
			);
			runOnlyForDeploymentPostprocessing = 0;
		};
/* End PBXFrameworksBuildPhase section */

/* Begin PBXGroup section */
		0805C2DE2AFA404000F46298 = {
			isa = PBXGroup;
			children = (
				0805C2E92AFA404000F46298 /* Reciplease */,
				F43D592B2B4BFCBD00734DED /* RecipleaseTests */,
				F43D59382B4C1D9300734DED /* Reciplease.app */,
				F43D593B2B4C3A7700734DED /* RecipleaseTests.xctest */,
			);
			sourceTree = "<group>";
		};
		0805C2E92AFA404000F46298 /* Reciplease */ = {
			isa = PBXGroup;
			children = (
				0805C2EA2AFA404000F46298 /* RecipleaseApp.swift */,
				0805C31B2AFA45E800F46298 /* Models */,
				0805C3262AFA521D00F46298 /* ViewModel */,
				0805C31A2AFA45DC00F46298 /* Views */,
				0805C2F02AFA404100F46298 /* Assets.xcassets */,
				0805C2F22AFA404100F46298 /* Preview Content */,
				0805C32B2AFA6EBD00F46298 /* Extensions.swift */,
				0805C32F2AFA893700F46298 /* config.plist */,
			);
			path = Reciplease;
			sourceTree = "<group>";
		};
		0805C2F22AFA404100F46298 /* Preview Content */ = {
			isa = PBXGroup;
			children = (
				0805C2F32AFA404100F46298 /* Preview Assets.xcassets */,
			);
			path = "Preview Content";
			sourceTree = "<group>";
		};
		0805C31A2AFA45DC00F46298 /* Views */ = {
			isa = PBXGroup;
			children = (
				0805C2EC2AFA404000F46298 /* ContentView.swift */,
				0805C3162AFA45C000F46298 /* SearchView.swift */,
				0805C3292AFA547600F46298 /* IngredientsContainerView.swift */,
				F43D59332B4BFD6E00734DED /* Recipes views */,
				F43D59172B4BF6DD00734DED /* Favorites recipes views */,
			);
			path = Views;
			sourceTree = "<group>";
		};
		0805C31B2AFA45E800F46298 /* Models */ = {
			isa = PBXGroup;
			children = (
				0805C3222AFA4DD500F46298 /* ApiResponse.swift */,
				08F0E0A32AFE460D00AD113C /* Recipe.swift */,
			);
			path = Models;
			sourceTree = "<group>";
		};
		0805C3262AFA521D00F46298 /* ViewModel */ = {
			isa = PBXGroup;
			children = (
				08F0E0A52AFE4E0A00AD113C /* ViewModel.swift */,
			);
			path = ViewModel;
			sourceTree = "<group>";
		};
		F43D59172B4BF6DD00734DED /* Favorites recipes views */ = {
			isa = PBXGroup;
			children = (
				08C0205B2AFBCD6700523766 /* FavoriteRecipesView.swift */,
				0804C6F72B0CE863003F10AC /* FavoriteRecipeDetailView.swift */,
			);
			path = "Favorites recipes views";
			sourceTree = "<group>";
		};
		F43D592B2B4BFCBD00734DED /* RecipleaseTests */ = {
			isa = PBXGroup;
			children = (
				F43D592C2B4BFCBD00734DED /* RecipleaseTests.swift */,
			);
			path = RecipleaseTests;
			sourceTree = "<group>";
		};
		F43D59332B4BFD6E00734DED /* Recipes views */ = {
			isa = PBXGroup;
			children = (
				0805C32D2AFA84D000F46298 /* RecipesView.swift */,
				0805C31C2AFA46B600F46298 /* RecipeNavigationLinkView.swift */,
				0805C31E2AFA480C00F46298 /* RecipeDetailsView.swift */,
			);
			path = "Recipes views";
			sourceTree = "<group>";
		};
/* End PBXGroup section */

/* Begin PBXNativeTarget section */
		0805C2E62AFA404000F46298 /* Reciplease */ = {
			isa = PBXNativeTarget;
			buildConfigurationList = 0805C30D2AFA404100F46298 /* Build configuration list for PBXNativeTarget "Reciplease" */;
			buildPhases = (
				0805C2E32AFA404000F46298 /* Sources */,
				0805C2E42AFA404000F46298 /* Frameworks */,
				0805C2E52AFA404000F46298 /* Resources */,
			);
			buildRules = (
			);
			dependencies = (
			);
			name = Reciplease;
			packageProductDependencies = (
				F4629B602B20C63600ADA62B /* Alamofire */,
				F4C757CA2B3485D800E229B9 /* Algorithms */,
			);
			productName = Reciplease;
			productReference = F43D59382B4C1D9300734DED /* Reciplease.app */;
			productType = "com.apple.product-type.application";
		};
		F43D59292B4BFCBD00734DED /* RecipleaseTests */ = {
			isa = PBXNativeTarget;
			buildConfigurationList = F43D59302B4BFCBD00734DED /* Build configuration list for PBXNativeTarget "RecipleaseTests" */;
			buildPhases = (
				F43D59262B4BFCBD00734DED /* Sources */,
				F43D59272B4BFCBD00734DED /* Frameworks */,
				F43D59282B4BFCBD00734DED /* Resources */,
			);
			buildRules = (
			);
			dependencies = (
				F43D592F2B4BFCBD00734DED /* PBXTargetDependency */,
			);
			name = RecipleaseTests;
			productName = RecipleaseTests;
			productReference = F43D593B2B4C3A7700734DED /* RecipleaseTests.xctest */;
			productType = "com.apple.product-type.bundle.unit-test";
		};
/* End PBXNativeTarget section */

/* Begin PBXProject section */
		0805C2DF2AFA404000F46298 /* Project object */ = {
			isa = PBXProject;
			attributes = {
				BuildIndependentTargetsInParallel = 1;
				LastSwiftUpdateCheck = 1500;
				LastUpgradeCheck = 1500;
				TargetAttributes = {
					0805C2E62AFA404000F46298 = {
						CreatedOnToolsVersion = 15.0.1;
					};
					F43D59292B4BFCBD00734DED = {
						CreatedOnToolsVersion = 15.0.1;
						TestTargetID = 0805C2E62AFA404000F46298;
					};
				};
			};
			buildConfigurationList = 0805C2E22AFA404000F46298 /* Build configuration list for PBXProject "Reciplease" */;
			compatibilityVersion = "Xcode 14.0";
			developmentRegion = en;
			hasScannedForEncodings = 0;
			knownRegions = (
				en,
				Base,
			);
			mainGroup = 0805C2DE2AFA404000F46298;
			packageReferences = (
				F4629B5F2B20C63600ADA62B /* XCRemoteSwiftPackageReference "Alamofire" */,
				F4C757C92B3485D800E229B9 /* XCRemoteSwiftPackageReference "swift-algorithms" */,
			);
			productRefGroup = 0805C2DE2AFA404000F46298;
			projectDirPath = "";
			projectRoot = "";
			targets = (
				0805C2E62AFA404000F46298 /* Reciplease */,
				F43D59292B4BFCBD00734DED /* RecipleaseTests */,
			);
		};
/* End PBXProject section */

/* Begin PBXResourcesBuildPhase section */
		0805C2E52AFA404000F46298 /* Resources */ = {
			isa = PBXResourcesBuildPhase;
			buildActionMask = 2147483647;
			files = (
				0805C2F42AFA404100F46298 /* Preview Assets.xcassets in Resources */,
				0805C2F12AFA404100F46298 /* Assets.xcassets in Resources */,
				0805C3302AFA893700F46298 /* config.plist in Resources */,
			);
			runOnlyForDeploymentPostprocessing = 0;
		};
		F43D59282B4BFCBD00734DED /* Resources */ = {
			isa = PBXResourcesBuildPhase;
			buildActionMask = 2147483647;
			files = (
			);
			runOnlyForDeploymentPostprocessing = 0;
		};
/* End PBXResourcesBuildPhase section */

/* Begin PBXSourcesBuildPhase section */
		0805C2E32AFA404000F46298 /* Sources */ = {
			isa = PBXSourcesBuildPhase;
			buildActionMask = 2147483647;
			files = (
				0805C3172AFA45C000F46298 /* SearchView.swift in Sources */,
				0805C31F2AFA480C00F46298 /* RecipeDetailsView.swift in Sources */,
				0805C32A2AFA547600F46298 /* IngredientsContainerView.swift in Sources */,
				0805C31D2AFA46B600F46298 /* RecipeNavigationLinkView.swift in Sources */,
				0805C2ED2AFA404000F46298 /* ContentView.swift in Sources */,
				08F0E0A42AFE460D00AD113C /* Recipe.swift in Sources */,
				08C0205C2AFBCD6700523766 /* FavoriteRecipesView.swift in Sources */,
				0805C32C2AFA6EBD00F46298 /* Extensions.swift in Sources */,
				0804C6F82B0CE863003F10AC /* FavoriteRecipeDetailView.swift in Sources */,
				0805C32E2AFA84D000F46298 /* RecipesView.swift in Sources */,
				0805C2EB2AFA404000F46298 /* RecipleaseApp.swift in Sources */,
				0805C3232AFA4DD500F46298 /* ApiResponse.swift in Sources */,
				08F0E0A62AFE4E0A00AD113C /* ViewModel.swift in Sources */,
			);
			runOnlyForDeploymentPostprocessing = 0;
		};
		F43D59262B4BFCBD00734DED /* Sources */ = {
			isa = PBXSourcesBuildPhase;
			buildActionMask = 2147483647;
			files = (
				F43D592D2B4BFCBD00734DED /* RecipleaseTests.swift in Sources */,
			);
			runOnlyForDeploymentPostprocessing = 0;
		};
/* End PBXSourcesBuildPhase section */

/* Begin PBXTargetDependency section */
		F43D592F2B4BFCBD00734DED /* PBXTargetDependency */ = {
			isa = PBXTargetDependency;
			target = 0805C2E62AFA404000F46298 /* Reciplease */;
			targetProxy = F43D592E2B4BFCBD00734DED /* PBXContainerItemProxy */;
		};
/* End PBXTargetDependency section */

/* Begin XCBuildConfiguration section */
		0805C30B2AFA404100F46298 /* Debug */ = {
			isa = XCBuildConfiguration;
			buildSettings = {
				ALWAYS_SEARCH_USER_PATHS = NO;
				ASSETCATALOG_COMPILER_GENERATE_SWIFT_ASSET_SYMBOL_EXTENSIONS = YES;
				CLANG_ANALYZER_NONNULL = YES;
				CLANG_ANALYZER_NUMBER_OBJECT_CONVERSION = YES_AGGRESSIVE;
				CLANG_CXX_LANGUAGE_STANDARD = "gnu++20";
				CLANG_ENABLE_MODULES = YES;
				CLANG_ENABLE_OBJC_ARC = YES;
				CLANG_ENABLE_OBJC_WEAK = YES;
				CLANG_WARN_BLOCK_CAPTURE_AUTORELEASING = YES;
				CLANG_WARN_BOOL_CONVERSION = YES;
				CLANG_WARN_COMMA = YES;
				CLANG_WARN_CONSTANT_CONVERSION = YES;
				CLANG_WARN_DEPRECATED_OBJC_IMPLEMENTATIONS = YES;
				CLANG_WARN_DIRECT_OBJC_ISA_USAGE = YES_ERROR;
				CLANG_WARN_DOCUMENTATION_COMMENTS = YES;
				CLANG_WARN_EMPTY_BODY = YES;
				CLANG_WARN_ENUM_CONVERSION = YES;
				CLANG_WARN_INFINITE_RECURSION = YES;
				CLANG_WARN_INT_CONVERSION = YES;
				CLANG_WARN_NON_LITERAL_NULL_CONVERSION = YES;
				CLANG_WARN_OBJC_IMPLICIT_RETAIN_SELF = YES;
				CLANG_WARN_OBJC_LITERAL_CONVERSION = YES;
				CLANG_WARN_OBJC_ROOT_CLASS = YES_ERROR;
				CLANG_WARN_QUOTED_INCLUDE_IN_FRAMEWORK_HEADER = YES;
				CLANG_WARN_RANGE_LOOP_ANALYSIS = YES;
				CLANG_WARN_STRICT_PROTOTYPES = YES;
				CLANG_WARN_SUSPICIOUS_MOVE = YES;
				CLANG_WARN_UNGUARDED_AVAILABILITY = YES_AGGRESSIVE;
				CLANG_WARN_UNREACHABLE_CODE = YES;
				CLANG_WARN__DUPLICATE_METHOD_MATCH = YES;
				COPY_PHASE_STRIP = NO;
				DEBUG_INFORMATION_FORMAT = dwarf;
				ENABLE_STRICT_OBJC_MSGSEND = YES;
				ENABLE_TESTABILITY = YES;
				ENABLE_USER_SCRIPT_SANDBOXING = YES;
				GCC_C_LANGUAGE_STANDARD = gnu17;
				GCC_DYNAMIC_NO_PIC = NO;
				GCC_NO_COMMON_BLOCKS = YES;
				GCC_OPTIMIZATION_LEVEL = 0;
				GCC_PREPROCESSOR_DEFINITIONS = (
					"DEBUG=1",
					"$(inherited)",
				);
				GCC_WARN_64_TO_32_BIT_CONVERSION = YES;
				GCC_WARN_ABOUT_RETURN_TYPE = YES_ERROR;
				GCC_WARN_UNDECLARED_SELECTOR = YES;
				GCC_WARN_UNINITIALIZED_AUTOS = YES_AGGRESSIVE;
				GCC_WARN_UNUSED_FUNCTION = YES;
				GCC_WARN_UNUSED_VARIABLE = YES;
				IPHONEOS_DEPLOYMENT_TARGET = 17.0;
				LOCALIZATION_PREFERS_STRING_CATALOGS = YES;
				MTL_ENABLE_DEBUG_INFO = INCLUDE_SOURCE;
				MTL_FAST_MATH = YES;
				ONLY_ACTIVE_ARCH = YES;
				SDKROOT = iphoneos;
				SWIFT_ACTIVE_COMPILATION_CONDITIONS = "DEBUG $(inherited)";
				SWIFT_OPTIMIZATION_LEVEL = "-Onone";
			};
			name = Debug;
		};
		0805C30C2AFA404100F46298 /* Release */ = {
			isa = XCBuildConfiguration;
			buildSettings = {
				ALWAYS_SEARCH_USER_PATHS = NO;
				ASSETCATALOG_COMPILER_GENERATE_SWIFT_ASSET_SYMBOL_EXTENSIONS = YES;
				CLANG_ANALYZER_NONNULL = YES;
				CLANG_ANALYZER_NUMBER_OBJECT_CONVERSION = YES_AGGRESSIVE;
				CLANG_CXX_LANGUAGE_STANDARD = "gnu++20";
				CLANG_ENABLE_MODULES = YES;
				CLANG_ENABLE_OBJC_ARC = YES;
				CLANG_ENABLE_OBJC_WEAK = YES;
				CLANG_WARN_BLOCK_CAPTURE_AUTORELEASING = YES;
				CLANG_WARN_BOOL_CONVERSION = YES;
				CLANG_WARN_COMMA = YES;
				CLANG_WARN_CONSTANT_CONVERSION = YES;
				CLANG_WARN_DEPRECATED_OBJC_IMPLEMENTATIONS = YES;
				CLANG_WARN_DIRECT_OBJC_ISA_USAGE = YES_ERROR;
				CLANG_WARN_DOCUMENTATION_COMMENTS = YES;
				CLANG_WARN_EMPTY_BODY = YES;
				CLANG_WARN_ENUM_CONVERSION = YES;
				CLANG_WARN_INFINITE_RECURSION = YES;
				CLANG_WARN_INT_CONVERSION = YES;
				CLANG_WARN_NON_LITERAL_NULL_CONVERSION = YES;
				CLANG_WARN_OBJC_IMPLICIT_RETAIN_SELF = YES;
				CLANG_WARN_OBJC_LITERAL_CONVERSION = YES;
				CLANG_WARN_OBJC_ROOT_CLASS = YES_ERROR;
				CLANG_WARN_QUOTED_INCLUDE_IN_FRAMEWORK_HEADER = YES;
				CLANG_WARN_RANGE_LOOP_ANALYSIS = YES;
				CLANG_WARN_STRICT_PROTOTYPES = YES;
				CLANG_WARN_SUSPICIOUS_MOVE = YES;
				CLANG_WARN_UNGUARDED_AVAILABILITY = YES_AGGRESSIVE;
				CLANG_WARN_UNREACHABLE_CODE = YES;
				CLANG_WARN__DUPLICATE_METHOD_MATCH = YES;
				COPY_PHASE_STRIP = NO;
				DEBUG_INFORMATION_FORMAT = "dwarf-with-dsym";
				ENABLE_NS_ASSERTIONS = NO;
				ENABLE_STRICT_OBJC_MSGSEND = YES;
				ENABLE_USER_SCRIPT_SANDBOXING = YES;
				GCC_C_LANGUAGE_STANDARD = gnu17;
				GCC_NO_COMMON_BLOCKS = YES;
				GCC_WARN_64_TO_32_BIT_CONVERSION = YES;
				GCC_WARN_ABOUT_RETURN_TYPE = YES_ERROR;
				GCC_WARN_UNDECLARED_SELECTOR = YES;
				GCC_WARN_UNINITIALIZED_AUTOS = YES_AGGRESSIVE;
				GCC_WARN_UNUSED_FUNCTION = YES;
				GCC_WARN_UNUSED_VARIABLE = YES;
				IPHONEOS_DEPLOYMENT_TARGET = 17.0;
				LOCALIZATION_PREFERS_STRING_CATALOGS = YES;
				MTL_ENABLE_DEBUG_INFO = NO;
				MTL_FAST_MATH = YES;
				SDKROOT = iphoneos;
				SWIFT_COMPILATION_MODE = wholemodule;
				VALIDATE_PRODUCT = YES;
			};
			name = Release;
		};
		0805C30E2AFA404100F46298 /* Debug */ = {
			isa = XCBuildConfiguration;
			buildSettings = {
				ASSETCATALOG_COMPILER_APPICON_NAME = AppIcon;
				ASSETCATALOG_COMPILER_GLOBAL_ACCENT_COLOR_NAME = AccentColor;
				CODE_SIGN_STYLE = Automatic;
				CURRENT_PROJECT_VERSION = 1;
				DEVELOPMENT_ASSET_PATHS = "\"Reciplease/Preview Content\"";
				DEVELOPMENT_TEAM = X63M2R8LXU;
				ENABLE_PREVIEWS = YES;
				GENERATE_INFOPLIST_FILE = YES;
				INFOPLIST_KEY_LSApplicationCategoryType = "public.app-category.food-and-drink";
				INFOPLIST_KEY_UIApplicationSceneManifest_Generation = YES;
				INFOPLIST_KEY_UIApplicationSupportsIndirectInputEvents = YES;
				INFOPLIST_KEY_UILaunchScreen_Generation = YES;
				INFOPLIST_KEY_UISupportedInterfaceOrientations = UIInterfaceOrientationPortrait;
				INFOPLIST_KEY_UISupportedInterfaceOrientations_iPad = "UIInterfaceOrientationLandscapeLeft UIInterfaceOrientationLandscapeRight UIInterfaceOrientationPortrait UIInterfaceOrientationPortraitUpsideDown";
				INFOPLIST_KEY_UIUserInterfaceStyle = Light;
				LD_RUNPATH_SEARCH_PATHS = (
					"$(inherited)",
					"@executable_path/Frameworks",
				);
				MARKETING_VERSION = 1.0;
				PRODUCT_BUNDLE_IDENTIFIER = simonsbt.Reciplease;
				PRODUCT_NAME = "$(TARGET_NAME)";
				SWIFT_EMIT_LOC_STRINGS = YES;
				SWIFT_VERSION = 5.0;
				TARGETED_DEVICE_FAMILY = "1,2";
			};
			name = Debug;
		};
		0805C30F2AFA404100F46298 /* Release */ = {
			isa = XCBuildConfiguration;
			buildSettings = {
				ASSETCATALOG_COMPILER_APPICON_NAME = AppIcon;
				ASSETCATALOG_COMPILER_GLOBAL_ACCENT_COLOR_NAME = AccentColor;
				CODE_SIGN_STYLE = Automatic;
				CURRENT_PROJECT_VERSION = 1;
				DEVELOPMENT_ASSET_PATHS = "\"Reciplease/Preview Content\"";
				DEVELOPMENT_TEAM = X63M2R8LXU;
				ENABLE_PREVIEWS = YES;
				GENERATE_INFOPLIST_FILE = YES;
				INFOPLIST_KEY_LSApplicationCategoryType = "public.app-category.food-and-drink";
				INFOPLIST_KEY_UIApplicationSceneManifest_Generation = YES;
				INFOPLIST_KEY_UIApplicationSupportsIndirectInputEvents = YES;
				INFOPLIST_KEY_UILaunchScreen_Generation = YES;
				INFOPLIST_KEY_UISupportedInterfaceOrientations = UIInterfaceOrientationPortrait;
				INFOPLIST_KEY_UISupportedInterfaceOrientations_iPad = "UIInterfaceOrientationLandscapeLeft UIInterfaceOrientationLandscapeRight UIInterfaceOrientationPortrait UIInterfaceOrientationPortraitUpsideDown";
				INFOPLIST_KEY_UIUserInterfaceStyle = Light;
				LD_RUNPATH_SEARCH_PATHS = (
					"$(inherited)",
					"@executable_path/Frameworks",
				);
				MARKETING_VERSION = 1.0;
				PRODUCT_BUNDLE_IDENTIFIER = simonsbt.Reciplease;
				PRODUCT_NAME = "$(TARGET_NAME)";
				SWIFT_EMIT_LOC_STRINGS = YES;
				SWIFT_VERSION = 5.0;
				TARGETED_DEVICE_FAMILY = "1,2";
			};
			name = Release;
		};
		F43D59312B4BFCBD00734DED /* Debug */ = {
			isa = XCBuildConfiguration;
			buildSettings = {
				BUNDLE_LOADER = "$(TEST_HOST)";
				CODE_SIGN_STYLE = Automatic;
				CURRENT_PROJECT_VERSION = 1;
				DEVELOPMENT_TEAM = X63M2R8LXU;
				GENERATE_INFOPLIST_FILE = YES;
				MARKETING_VERSION = 1.0;
				PRODUCT_BUNDLE_IDENTIFIER = com.simonsbt.RecipleaseTests;
				PRODUCT_NAME = "$(TARGET_NAME)";
				SWIFT_EMIT_LOC_STRINGS = NO;
				SWIFT_VERSION = 5.0;
				TARGETED_DEVICE_FAMILY = "1,2";
				TEST_HOST = "$(BUILT_PRODUCTS_DIR)/Reciplease.app/$(BUNDLE_EXECUTABLE_FOLDER_PATH)/Reciplease";
			};
			name = Debug;
		};
		F43D59322B4BFCBD00734DED /* Release */ = {
			isa = XCBuildConfiguration;
			buildSettings = {
				BUNDLE_LOADER = "$(TEST_HOST)";
				CODE_SIGN_STYLE = Automatic;
				CURRENT_PROJECT_VERSION = 1;
				DEVELOPMENT_TEAM = X63M2R8LXU;
				GENERATE_INFOPLIST_FILE = YES;
				MARKETING_VERSION = 1.0;
				PRODUCT_BUNDLE_IDENTIFIER = com.simonsbt.RecipleaseTests;
				PRODUCT_NAME = "$(TARGET_NAME)";
				SWIFT_EMIT_LOC_STRINGS = NO;
				SWIFT_VERSION = 5.0;
				TARGETED_DEVICE_FAMILY = "1,2";
				TEST_HOST = "$(BUILT_PRODUCTS_DIR)/Reciplease.app/$(BUNDLE_EXECUTABLE_FOLDER_PATH)/Reciplease";
			};
			name = Release;
		};
/* End XCBuildConfiguration section */

/* Begin XCConfigurationList section */
		0805C2E22AFA404000F46298 /* Build configuration list for PBXProject "Reciplease" */ = {
			isa = XCConfigurationList;
			buildConfigurations = (
				0805C30B2AFA404100F46298 /* Debug */,
				0805C30C2AFA404100F46298 /* Release */,
			);
			defaultConfigurationIsVisible = 0;
			defaultConfigurationName = Release;
		};
		0805C30D2AFA404100F46298 /* Build configuration list for PBXNativeTarget "Reciplease" */ = {
			isa = XCConfigurationList;
			buildConfigurations = (
				0805C30E2AFA404100F46298 /* Debug */,
				0805C30F2AFA404100F46298 /* Release */,
			);
			defaultConfigurationIsVisible = 0;
			defaultConfigurationName = Release;
		};
		F43D59302B4BFCBD00734DED /* Build configuration list for PBXNativeTarget "RecipleaseTests" */ = {
			isa = XCConfigurationList;
			buildConfigurations = (
				F43D59312B4BFCBD00734DED /* Debug */,
				F43D59322B4BFCBD00734DED /* Release */,
			);
			defaultConfigurationIsVisible = 0;
			defaultConfigurationName = Release;
		};
/* End XCConfigurationList section */

/* Begin XCRemoteSwiftPackageReference section */
		F4629B5F2B20C63600ADA62B /* XCRemoteSwiftPackageReference "Alamofire" */ = {
			isa = XCRemoteSwiftPackageReference;
			repositoryURL = "https://github.com/Alamofire/Alamofire";
			requirement = {
				kind = upToNextMajorVersion;
				minimumVersion = 5.8.1;
			};
		};
		F4C757C92B3485D800E229B9 /* XCRemoteSwiftPackageReference "swift-algorithms" */ = {
			isa = XCRemoteSwiftPackageReference;
			repositoryURL = "https://github.com/apple/swift-algorithms.git";
			requirement = {
				kind = upToNextMajorVersion;
				minimumVersion = 1.2.0;
			};
		};
/* End XCRemoteSwiftPackageReference section */

/* Begin XCSwiftPackageProductDependency section */
		F4629B602B20C63600ADA62B /* Alamofire */ = {
			isa = XCSwiftPackageProductDependency;
			package = F4629B5F2B20C63600ADA62B /* XCRemoteSwiftPackageReference "Alamofire" */;
			productName = Alamofire;
		};
		F4C757CA2B3485D800E229B9 /* Algorithms */ = {
			isa = XCSwiftPackageProductDependency;
			package = F4C757C92B3485D800E229B9 /* XCRemoteSwiftPackageReference "swift-algorithms" */;
			productName = Algorithms;
		};
/* End XCSwiftPackageProductDependency section */
	};
	rootObject = 0805C2DF2AFA404000F46298 /* Project object */;
}
